
Microsoft Visual Studio Solution File, Format Version 12.00
# Visual Studio Version 16
VisualStudioVersion = 16.0.31507.150
MinimumVisualStudioVersion = 10.0.40219.1
Project("{FAE04EC0-301F-11D3-BF4B-00C04F79EFBC}") = "MiniBrowser", "MiniBrowser\MiniBrowser.csproj", "{BE54882C-B3C5-44AA-86F3-BBE98B5424A9}"
EndProject
Global
	GlobalSection(SolutionConfigurationPlatforms) = preSolution
		Debug|Any CPU = Debug|Any CPU
		Release|Any CPU = Release|Any CPU
	EndGlobalSection
	GlobalSection(ProjectConfigurationPlatforms) = postSolution
		{BE54882C-B3C5-44AA-86F3-BBE98B5424A9}.Debug|Any CPU.ActiveCfg = Debug|Any CPU
		{BE54882C-B3C5-44AA-86F3-BBE98B5424A9}.Debug|Any CPU.Build.0 = Debug|Any CPU
		{BE54882C-B3C5-44AA-86F3-BBE98B5424A9}.Release|Any CPU.ActiveCfg = Release|Any CPU
		{BE54882C-B3C5-44AA-86F3-BBE98B5424A9}.Release|Any CPU.Build.0 = Release|Any CPU
	EndGlobalSection
	GlobalSection(SolutionProperties) = preSolution
		HideSolutionNode = FALSE
	EndGlobalSection
	GlobalSection(ExtensibilityGlobals) = postSolution
		SolutionGuid = {AC83062A-1E68-4F73-8DEB-84518700B1E5}
	EndGlobalSection
EndGlobal
